schema: '2.0'
stages:
  download_dataset:
    cmd: uv run python -m text_classification_example.download_dataset 
      --dataset_name kunishou/J-ResearchCorpus --output_filepath 
      data/raw/dataset.parquet --mlflow_run_name pipeline
    deps:
    - path: text_classification_example/download_dataset.py
      hash: md5
      md5: d4b5f13b2bbd3fbe18a43d9c17f29494
      size: 1266
    outs:
    - path: data/raw/dataset.parquet
      hash: md5
      md5: e08e48410042003244793e25c83c908d
      size: 37955183
